# This file is generated by running "yarn install" inside your project.
# Manual changes might be lost - proceed with caution!

__metadata:
  version: 6
  cacheKey: 8

"@babel/runtime@npm:^7.1.2, @babel/runtime@npm:^7.10.5, @babel/runtime@npm:^7.12.13, @babel/runtime@npm:^7.21.0":
  version: 7.22.5
  resolution: "@babel/runtime@npm:7.22.5"
  dependencies:
    regenerator-runtime: ^0.13.11
  checksum: 12a50b7de2531beef38840d17af50c55a094253697600cee255311222390c68eed704829308d4fd305e1b3dfbce113272e428e9d9d45b1730e0fede997eaceb1
  languageName: node
  linkType: hard

"@formatjs/ecma402-abstract@npm:1.14.3":
  version: 1.14.3
  resolution: "@formatjs/ecma402-abstract@npm:1.14.3"
  dependencies:
    "@formatjs/intl-localematcher": 0.2.32
    tslib: ^2.4.0
  checksum: 504ae9775094adec611aa0bbc6dadec2360ba30c13331f376feacd75b23f856ac1e45e3c88a572fb91ff917e726d0cc7e6e1b6c5b73af48f53896592362c91d5
  languageName: node
  linkType: hard

"@formatjs/fast-memoize@npm:2.0.1":
  version: 2.0.1
  resolution: "@formatjs/fast-memoize@npm:2.0.1"
  dependencies:
    tslib: ^2.4.0
  checksum: e434cdc53354666459c47556c403f0ed3391ebab0e851a64e5622d8d81e3b684a74a09c4bf5189885c66e743004601f64e2e2c8c70adf6b00071d4afea20f69d
  languageName: node
  linkType: hard

"@formatjs/icu-messageformat-parser@npm:2.3.1":
  version: 2.3.1
  resolution: "@formatjs/icu-messageformat-parser@npm:2.3.1"
  dependencies:
    "@formatjs/ecma402-abstract": 1.14.3
    "@formatjs/icu-skeleton-parser": 1.3.18
    tslib: ^2.4.0
  checksum: e4651530a045488ac92c91111abe744cda4012b368651888f6324360375afceba4e69b297dd44bfe2974b0b4c9c18f911fa292edf92a0e6fa75daa04503aa8db
  languageName: node
  linkType: hard

"@formatjs/icu-skeleton-parser@npm:1.3.18":
  version: 1.3.18
  resolution: "@formatjs/icu-skeleton-parser@npm:1.3.18"
  dependencies:
    "@formatjs/ecma402-abstract": 1.14.3
    tslib: ^2.4.0
  checksum: 19655c452ed3c45db07b03c90fbfe6172655b0babb9579f2d9397ca2b3c56e5e17a3beed1d13af12104313e6ed1f14976d7c996756f1a59c977d6f3228518fad
  languageName: node
  linkType: hard

"@formatjs/intl-displaynames@npm:6.3.1":
  version: 6.3.1
  resolution: "@formatjs/intl-displaynames@npm:6.3.1"
  dependencies:
    "@formatjs/ecma402-abstract": 1.14.3
    "@formatjs/intl-localematcher": 0.2.32
    tslib: ^2.4.0
  checksum: a8f43cda125adf8ac34d890f6b2c8b77525d5dd1452fecc5053b16dc40142d5b00b4f0dfc26c73fdf03b38e84ed2936fe4eb453414f611f79e260374f8afb642
  languageName: node
  linkType: hard

"@formatjs/intl-listformat@npm:7.2.1":
  version: 7.2.1
  resolution: "@formatjs/intl-listformat@npm:7.2.1"
  dependencies:
    "@formatjs/ecma402-abstract": 1.14.3
    "@formatjs/intl-localematcher": 0.2.32
    tslib: ^2.4.0
  checksum: 3ad407b430015711a302a2c8b1799368abfeb8ff2d66c6027aea89ef3ef196dc2afa5f8357408d9578345502021ace78277766f075af65730817ff5352bf48a0
  languageName: node
  linkType: hard

"@formatjs/intl-localematcher@npm:0.2.32":
  version: 0.2.32
  resolution: "@formatjs/intl-localematcher@npm:0.2.32"
  dependencies:
    tslib: ^2.4.0
  checksum: 477e18aabaf2e6e90fc12952a3cb6c0ebb40ad99414d6b9d2501c6348fbad58cacb433ec6630955cfd1491ea7630f32a9dc280bb27d0fb8a784251404a54140a
  languageName: node
  linkType: hard

"@formatjs/intl@npm:2.7.1":
  version: 2.7.1
  resolution: "@formatjs/intl@npm:2.7.1"
  dependencies:
    "@formatjs/ecma402-abstract": 1.14.3
    "@formatjs/fast-memoize": 2.0.1
    "@formatjs/icu-messageformat-parser": 2.3.1
    "@formatjs/intl-displaynames": 6.3.1
    "@formatjs/intl-listformat": 7.2.1
    intl-messageformat: 10.3.4
    tslib: ^2.4.0
  peerDependencies:
    typescript: ^4.7 || 5
  peerDependenciesMeta:
    typescript:
      optional: true
  checksum: 1b8f05f9ba13b315c6439feb7503a1f58a9f4698108fbf804d6ca529a4c90d0d229c78514e0bb2e610e1588680970c4af30d96feabe5811c7172f9dad1a78f21
  languageName: node
  linkType: hard

"@sindresorhus/slugify@npm:1.1.0":
  version: 1.1.0
  resolution: "@sindresorhus/slugify@npm:1.1.0"
  dependencies:
    "@sindresorhus/transliterate": ^0.1.1
    escape-string-regexp: ^4.0.0
  checksum: 6834c3a81e1ed479c82285d0b25b7f17fd2b8565ecc1d76c8e5a15820ddad32064be3a85a04b3f1c771e2b764405c21e82774b87b1141086cc2c34656adbffa0
  languageName: node
  linkType: hard

"@sindresorhus/transliterate@npm:^0.1.1":
  version: 0.1.2
  resolution: "@sindresorhus/transliterate@npm:0.1.2"
  dependencies:
    escape-string-regexp: ^2.0.0
    lodash.deburr: ^4.1.0
  checksum: f4a0fdf710adcad901bdd30dc02acbb33d464d7945fb2d6dc8130cf8e5e1151d66e2b9b20633f4c27c014ddba511a0a976d74304e4cbfacb8044d3c6f052d547
  languageName: node
  linkType: hard

"@strapi/utils@npm:^4.11.0":
  version: 4.11.2
  resolution: "@strapi/utils@npm:4.11.2"
  dependencies:
    "@sindresorhus/slugify": 1.1.0
    date-fns: 2.30.0
    http-errors: 1.8.1
    lodash: 4.17.21
    p-map: 4.0.0
    yup: 0.32.9
  checksum: 8431a920413e0a830dc389d3d47695f6e3b47eb487abd3c8c0b538a809516639e18940ff292f533e20d8cb9183e4004e8f4f2319a1e3f8f45415ca692f064b77
  languageName: node
  linkType: hard

"@types/hoist-non-react-statics@npm:^3.3.1":
  version: 3.3.1
  resolution: "@types/hoist-non-react-statics@npm:3.3.1"
  dependencies:
    "@types/react": "*"
    hoist-non-react-statics: ^3.3.0
  checksum: 2c0778570d9a01d05afabc781b32163f28409bb98f7245c38d5eaf082416fdb73034003f5825eb5e21313044e8d2d9e1f3fe2831e345d3d1b1d20bcd12270719
  languageName: node
  linkType: hard

"@types/lodash@npm:^4.14.165":
  version: 4.14.195
  resolution: "@types/lodash@npm:4.14.195"
  checksum: 39b75ca635b3fa943d17d3d3aabc750babe4c8212485a4df166fe0516e39288e14b0c60afc6e21913cc0e5a84734633c71e617e2bd14eaa1cf51b8d7799c432e
  languageName: node
  linkType: hard

"@types/prop-types@npm:*":
  version: 15.7.5
  resolution: "@types/prop-types@npm:15.7.5"
  checksum: 5b43b8b15415e1f298243165f1d44390403bb2bd42e662bca3b5b5633fdd39c938e91b7fce3a9483699db0f7a715d08cef220c121f723a634972fdf596aec980
  languageName: node
  linkType: hard

"@types/react@npm:*, @types/react@npm:16 || 17 || 18":
  version: 18.2.14
  resolution: "@types/react@npm:18.2.14"
  dependencies:
    "@types/prop-types": "*"
    "@types/scheduler": "*"
    csstype: ^3.0.2
  checksum: a6a5e8cc78f486b9020d1ad009aa6c56943c68c7c6376e0f8399e9cbcd950b7b8f5d73f00200f5379f5e58d31d57d8aed24357f301d8e86108cd438ce6c8b3dd
  languageName: node
  linkType: hard

"@types/scheduler@npm:*":
  version: 0.16.3
  resolution: "@types/scheduler@npm:0.16.3"
  checksum: 2b0aec39c24268e3ce938c5db2f2e77f5c3dd280e05c262d9c2fe7d890929e4632a6b8e94334017b66b45e4f92a5aa42ba3356640c2a1175fa37bef2f5200767
  languageName: node
  linkType: hard

"aggregate-error@npm:^3.0.0":
  version: 3.1.0
  resolution: "aggregate-error@npm:3.1.0"
  dependencies:
    clean-stack: ^2.0.0
    indent-string: ^4.0.0
  checksum: 1101a33f21baa27a2fa8e04b698271e64616b886795fd43c31068c07533c7b3facfcaf4e9e0cab3624bd88f729a592f1c901a1a229c9e490eafce411a8644b79
  languageName: node
  linkType: hard

"ansi-regex@npm:^5.0.1":
  version: 5.0.1
  resolution: "ansi-regex@npm:5.0.1"
  checksum: 2aa4bb54caf2d622f1afdad09441695af2a83aa3fe8b8afa581d205e57ed4261c183c4d3877cee25794443fde5876417d859c108078ab788d6af7e4fe52eb66b
  languageName: node
  linkType: hard

"ansi-styles@npm:^4.0.0, ansi-styles@npm:^4.1.0":
  version: 4.3.0
  resolution: "ansi-styles@npm:4.3.0"
  dependencies:
    color-convert: ^2.0.1
  checksum: 513b44c3b2105dd14cc42a19271e80f386466c4be574bccf60b627432f9198571ebf4ab1e4c3ba17347658f4ee1711c163d574248c0c1cdc2d5917a0ad582ec4
  languageName: node
  linkType: hard

"chalk@npm:^4.1.0":
  version: 4.1.2
  resolution: "chalk@npm:4.1.2"
  dependencies:
    ansi-styles: ^4.1.0
    supports-color: ^7.1.0
  checksum: fe75c9d5c76a7a98d45495b91b2172fa3b7a09e0cc9370e5c8feb1c567b85c4288e2b3fded7cfdd7359ac28d6b3844feb8b82b8686842e93d23c827c417e83fc
  languageName: node
  linkType: hard

"clean-stack@npm:^2.0.0":
  version: 2.2.0
  resolution: "clean-stack@npm:2.2.0"
  checksum: 2ac8cd2b2f5ec986a3c743935ec85b07bc174d5421a5efc8017e1f146a1cf5f781ae962618f416352103b32c9cd7e203276e8c28241bbe946160cab16149fb68
  languageName: node
  linkType: hard

"cliui@npm:^8.0.1":
  version: 8.0.1
  resolution: "cliui@npm:8.0.1"
  dependencies:
    string-width: ^4.2.0
    strip-ansi: ^6.0.1
    wrap-ansi: ^7.0.0
  checksum: 79648b3b0045f2e285b76fb2e24e207c6db44323581e421c3acbd0e86454cba1b37aea976ab50195a49e7384b871e6dfb2247ad7dec53c02454ac6497394cb56
  languageName: node
  linkType: hard

"color-convert@npm:^2.0.1":
  version: 2.0.1
  resolution: "color-convert@npm:2.0.1"
  dependencies:
    color-name: ~1.1.4
  checksum: 79e6bdb9fd479a205c71d89574fccfb22bd9053bd98c6c4d870d65c132e5e904e6034978e55b43d69fcaa7433af2016ee203ce76eeba9cfa554b373e7f7db336
  languageName: node
  linkType: hard

"color-name@npm:~1.1.4":
  version: 1.1.4
  resolution: "color-name@npm:1.1.4"
  checksum: b0445859521eb4021cd0fb0cc1a75cecf67fceecae89b63f62b201cca8d345baf8b952c966862a9d9a2632987d4f6581f0ec8d957dfacece86f0a7919316f610
  languageName: node
  linkType: hard

"concurrently@npm:^7.6.0":
  version: 7.6.0
  resolution: "concurrently@npm:7.6.0"
  dependencies:
    chalk: ^4.1.0
    date-fns: ^2.29.1
    lodash: ^4.17.21
    rxjs: ^7.0.0
    shell-quote: ^1.7.3
    spawn-command: ^0.0.2-1
    supports-color: ^8.1.0
    tree-kill: ^1.2.2
    yargs: ^17.3.1
  bin:
    conc: dist/bin/concurrently.js
    concurrently: dist/bin/concurrently.js
  checksum: f705c9a7960f1b16559ca64958043faeeef6385c0bf30a03d1375e15ab2d96dba4f8166f1bbbb1c85e8da35ca0ce3c353875d71dff2aa132b2357bb533b3332e
  languageName: node
  linkType: hard

"csstype@npm:^3.0.2":
  version: 3.1.2
  resolution: "csstype@npm:3.1.2"
  checksum: e1a52e6c25c1314d6beef5168da704ab29c5186b877c07d822bd0806717d9a265e8493a2e35ca7e68d0f5d472d43fac1cdce70fd79fd0853dff81f3028d857b5
  languageName: node
  linkType: hard

"date-fns@npm:2.30.0":
  version: 2.30.0
  resolution: "date-fns@npm:2.30.0"
  dependencies:
    "@babel/runtime": ^7.21.0
  checksum: f7be01523282e9bb06c0cd2693d34f245247a29098527d4420628966a2d9aad154bd0e90a6b1cf66d37adcb769cd108cf8a7bd49d76db0fb119af5cdd13644f4
  languageName: node
  linkType: hard

"date-fns@npm:^2.29.1":
  version: 2.29.3
  resolution: "date-fns@npm:2.29.3"
  checksum: e01cf5b62af04e05dfff921bb9c9933310ed0e1ae9a81eb8653452e64dc841acf7f6e01e1a5ae5644d0337e9a7f936175fd2cb6819dc122fdd9c5e86c56be484
  languageName: node
  linkType: hard

"depd@npm:~1.1.2":
  version: 1.1.2
  resolution: "depd@npm:1.1.2"
  checksum: 6b406620d269619852885ce15965272b829df6f409724415e0002c8632ab6a8c0a08ec1f0bd2add05dc7bd7507606f7e2cc034fa24224ab829580040b835ecd9
  languageName: node
  linkType: hard

"emoji-regex@npm:^8.0.0":
  version: 8.0.0
  resolution: "emoji-regex@npm:8.0.0"
  checksum: d4c5c39d5a9868b5fa152f00cada8a936868fd3367f33f71be515ecee4c803132d11b31a6222b2571b1e5f7e13890156a94880345594d0ce7e3c9895f560f192
  languageName: node
  linkType: hard

"escalade@npm:^3.1.1":
  version: 3.1.1
  resolution: "escalade@npm:3.1.1"
  checksum: a3e2a99f07acb74b3ad4989c48ca0c3140f69f923e56d0cba0526240ee470b91010f9d39001f2a4a313841d237ede70a729e92125191ba5d21e74b106800b133
  languageName: node
  linkType: hard

"escape-string-regexp@npm:^2.0.0":
  version: 2.0.0
  resolution: "escape-string-regexp@npm:2.0.0"
  checksum: 9f8a2d5743677c16e85c810e3024d54f0c8dea6424fad3c79ef6666e81dd0846f7437f5e729dfcdac8981bc9e5294c39b4580814d114076b8d36318f46ae4395
  languageName: node
  linkType: hard

"escape-string-regexp@npm:^4.0.0":
  version: 4.0.0
  resolution: "escape-string-regexp@npm:4.0.0"
  checksum: 98b48897d93060f2322108bf29db0feba7dd774be96cd069458d1453347b25ce8682ecc39859d4bca2203cc0ab19c237bcc71755eff49a0f8d90beadeeba5cc5
  languageName: node
  linkType: hard

"get-caller-file@npm:^2.0.5":
  version: 2.0.5
  resolution: "get-caller-file@npm:2.0.5"
  checksum: b9769a836d2a98c3ee734a88ba712e62703f1df31b94b784762c433c27a386dd6029ff55c2a920c392e33657d80191edbf18c61487e198844844516f843496b9
  languageName: node
  linkType: hard

"has-flag@npm:^4.0.0":
  version: 4.0.0
  resolution: "has-flag@npm:4.0.0"
  checksum: 261a1357037ead75e338156b1f9452c016a37dcd3283a972a30d9e4a87441ba372c8b81f818cd0fbcd9c0354b4ae7e18b9e1afa1971164aef6d18c2b6095a8ad
  languageName: node
  linkType: hard

"history@npm:^4.9.0":
  version: 4.10.1
  resolution: "history@npm:4.10.1"
  dependencies:
    "@babel/runtime": ^7.1.2
    loose-envify: ^1.2.0
    resolve-pathname: ^3.0.0
    tiny-invariant: ^1.0.2
    tiny-warning: ^1.0.0
    value-equal: ^1.0.1
  checksum: addd84bc4683929bae4400419b5af132ff4e4e9b311a0d4e224579ea8e184a6b80d7f72c55927e4fa117f69076a9e47ce082d8d0b422f1a9ddac7991490ca1d0
  languageName: node
  linkType: hard

"hoist-non-react-statics@npm:^3.1.0, hoist-non-react-statics@npm:^3.3.0, hoist-non-react-statics@npm:^3.3.2":
  version: 3.3.2
  resolution: "hoist-non-react-statics@npm:3.3.2"
  dependencies:
    react-is: ^16.7.0
  checksum: b1538270429b13901ee586aa44f4cc3ecd8831c061d06cb8322e50ea17b3f5ce4d0e2e66394761e6c8e152cd8c34fb3b4b690116c6ce2bd45b18c746516cb9e8
  languageName: node
  linkType: hard

"http-errors@npm:1.8.1":
  version: 1.8.1
  resolution: "http-errors@npm:1.8.1"
  dependencies:
    depd: ~1.1.2
    inherits: 2.0.4
    setprototypeof: 1.2.0
    statuses: ">= 1.5.0 < 2"
    toidentifier: 1.0.1
  checksum: d3c7e7e776fd51c0a812baff570bdf06fe49a5dc448b700ab6171b1250e4cf7db8b8f4c0b133e4bfe2451022a5790c1ca6c2cae4094dedd6ac8304a1267f91d2
  languageName: node
  linkType: hard

"indent-string@npm:^4.0.0":
  version: 4.0.0
  resolution: "indent-string@npm:4.0.0"
  checksum: 824cfb9929d031dabf059bebfe08cf3137365e112019086ed3dcff6a0a7b698cb80cf67ccccde0e25b9e2d7527aa6cc1fed1ac490c752162496caba3e6699612
  languageName: node
  linkType: hard

"inherits@npm:2.0.4":
  version: 2.0.4
  resolution: "inherits@npm:2.0.4"
  checksum: 4a48a733847879d6cf6691860a6b1e3f0f4754176e4d71494c41f3475553768b10f84b5ce1d40fbd0e34e6bfbb864ee35858ad4dd2cf31e02fc4a154b724d7f1
  languageName: node
  linkType: hard

"intl-messageformat@npm:10.3.4":
  version: 10.3.4
  resolution: "intl-messageformat@npm:10.3.4"
  dependencies:
    "@formatjs/ecma402-abstract": 1.14.3
    "@formatjs/fast-memoize": 2.0.1
    "@formatjs/icu-messageformat-parser": 2.3.1
    tslib: ^2.4.0
  checksum: 2b70bf8477fcd57152a77af81c25820f9c184cc5457dd9b9322fc22674ebbe03a0906e1b1cc816037086e501d697b4c060619f784b4f315c95ad671f2bcde967
  languageName: node
  linkType: hard

"is-fullwidth-code-point@npm:^3.0.0":
  version: 3.0.0
  resolution: "is-fullwidth-code-point@npm:3.0.0"
  checksum: 44a30c29457c7fb8f00297bce733f0a64cd22eca270f83e58c105e0d015e45c019491a4ab2faef91ab51d4738c670daff901c799f6a700e27f7314029e99e348
  languageName: node
  linkType: hard

"isarray@npm:0.0.1":
  version: 0.0.1
  resolution: "isarray@npm:0.0.1"
  checksum: 49191f1425681df4a18c2f0f93db3adb85573bcdd6a4482539d98eac9e705d8961317b01175627e860516a2fc45f8f9302db26e5a380a97a520e272e2a40a8d4
  languageName: node
  linkType: hard

"js-tokens@npm:^3.0.0 || ^4.0.0":
  version: 4.0.0
  resolution: "js-tokens@npm:4.0.0"
  checksum: 8a95213a5a77deb6cbe94d86340e8d9ace2b93bc367790b260101d2f36a2eaf4e4e22d9fa9cf459b38af3a32fb4190e638024cf82ec95ef708680e405ea7cc78
  languageName: node
  linkType: hard

"lodash-es@npm:^4.17.15":
  version: 4.17.21
  resolution: "lodash-es@npm:4.17.21"
  checksum: 05cbffad6e2adbb331a4e16fbd826e7faee403a1a04873b82b42c0f22090f280839f85b95393f487c1303c8a3d2a010048bf06151a6cbe03eee4d388fb0a12d2
  languageName: node
  linkType: hard

"lodash.deburr@npm:^4.1.0":
  version: 4.1.0
  resolution: "lodash.deburr@npm:4.1.0"
  checksum: 6e2012315c20a4d8ed4f1884ed4b8e6b0093c6355a87bfd95ecf25a5243c8c88d747d67375d52cb87ebc99d090935ed8dc3814c8e661e3275a6dbe02b68efc99
  languageName: node
  linkType: hard

"lodash@npm:4.17.21, lodash@npm:^4.17.11, lodash@npm:^4.17.20, lodash@npm:^4.17.21":
  version: 4.17.21
  resolution: "lodash@npm:4.17.21"
  checksum: eb835a2e51d381e561e508ce932ea50a8e5a68f4ebdd771ea240d3048244a8d13658acbd502cd4829768c56f2e16bdd4340b9ea141297d472517b83868e677f7
  languageName: node
  linkType: hard

"loose-envify@npm:^1.1.0, loose-envify@npm:^1.2.0, loose-envify@npm:^1.3.1, loose-envify@npm:^1.4.0":
  version: 1.4.0
  resolution: "loose-envify@npm:1.4.0"
  dependencies:
    js-tokens: ^3.0.0 || ^4.0.0
  bin:
    loose-envify: cli.js
  checksum: 6517e24e0cad87ec9888f500c5b5947032cdfe6ef65e1c1936a0c48a524b81e65542c9c3edc91c97d5bddc806ee2a985dbc79be89215d613b1de5db6d1cfe6f4
  languageName: node
  linkType: hard

"nanoclone@npm:^0.2.1":
  version: 0.2.1
  resolution: "nanoclone@npm:0.2.1"
  checksum: 96b2954e22f70561f41e20d69856266c65583c2a441dae108f1dc71b716785d2c8038dac5f1d5e92b117aed3825f526b53139e2e5d6e6db8a77cfa35b3b8bf40
  languageName: node
  linkType: hard

"object-assign@npm:^4.1.1":
  version: 4.1.1
  resolution: "object-assign@npm:4.1.1"
  checksum: fcc6e4ea8c7fe48abfbb552578b1c53e0d194086e2e6bbbf59e0a536381a292f39943c6e9628af05b5528aa5e3318bb30d6b2e53cadaf5b8fe9e12c4b69af23f
  languageName: node
  linkType: hard

"p-map@npm:4.0.0":
  version: 4.0.0
  resolution: "p-map@npm:4.0.0"
  dependencies:
    aggregate-error: ^3.0.0
  checksum: cb0ab21ec0f32ddffd31dfc250e3afa61e103ef43d957cc45497afe37513634589316de4eb88abdfd969fe6410c22c0b93ab24328833b8eb1ccc087fc0442a1c
  languageName: node
  linkType: hard

"path-to-regexp@npm:^1.7.0":
  version: 1.8.0
  resolution: "path-to-regexp@npm:1.8.0"
  dependencies:
    isarray: 0.0.1
  checksum: 709f6f083c0552514ef4780cb2e7e4cf49b0cc89a97439f2b7cc69a608982b7690fb5d1720a7473a59806508fc2dae0be751ba49f495ecf89fd8fbc62abccbcd
  languageName: node
  linkType: hard

"pluralize@npm:^8.0.0":
  version: 8.0.0
  resolution: "pluralize@npm:8.0.0"
  checksum: 08931d4a6a4a5561a7f94f67a31c17e6632cb21e459ab3ff4f6f629d9a822984cf8afef2311d2005fbea5d7ef26016ebb090db008e2d8bce39d0a9a9d218736e
  languageName: node
  linkType: hard

"prop-types@npm:^15.6.2":
  version: 15.8.1
  resolution: "prop-types@npm:15.8.1"
  dependencies:
    loose-envify: ^1.4.0
    object-assign: ^4.1.1
    react-is: ^16.13.1
  checksum: c056d3f1c057cb7ff8344c645450e14f088a915d078dcda795041765047fa080d38e5d626560ccaac94a4e16e3aa15f3557c1a9a8d1174530955e992c675e459
  languageName: node
  linkType: hard

"property-expr@npm:^2.0.4":
  version: 2.0.5
  resolution: "property-expr@npm:2.0.5"
  checksum: 4ebe82ce45aaf1527e96e2ab84d75d25217167ec3ff6378cf83a84fb4abc746e7c65768a79d275881602ae82f168f9a6dfaa7f5e331d0fcc83d692770bcce5f1
  languageName: node
  linkType: hard

"react-dom@npm:^18.2.0":
  version: 18.2.0
  resolution: "react-dom@npm:18.2.0"
  dependencies:
    loose-envify: ^1.1.0
    scheduler: ^0.23.0
  peerDependencies:
    react: ^18.2.0
  checksum: 7d323310bea3a91be2965f9468d552f201b1c27891e45ddc2d6b8f717680c95a75ae0bc1e3f5cf41472446a2589a75aed4483aee8169287909fcd59ad149e8cc
  languageName: node
  linkType: hard

"react-intl@npm:6.4.1":
  version: 6.4.1
  resolution: "react-intl@npm:6.4.1"
  dependencies:
    "@formatjs/ecma402-abstract": 1.14.3
    "@formatjs/icu-messageformat-parser": 2.3.1
    "@formatjs/intl": 2.7.1
    "@formatjs/intl-displaynames": 6.3.1
    "@formatjs/intl-listformat": 7.2.1
    "@types/hoist-non-react-statics": ^3.3.1
    "@types/react": 16 || 17 || 18
    hoist-non-react-statics: ^3.3.2
    intl-messageformat: 10.3.4
    tslib: ^2.4.0
  peerDependencies:
    react: ^16.6.0 || 17 || 18
    typescript: ^4.7 || 5
  peerDependenciesMeta:
    typescript:
      optional: true
  checksum: 87571e56312fc1578ef609d38705836007f95e4c883be05142d09737c901e1f09c16eb3c7068a9a623506569f392bbc1040bd44553b2323f58f0826399e5d238
  languageName: node
  linkType: hard

"react-is@npm:^16.13.1, react-is@npm:^16.6.0, react-is@npm:^16.7.0":
  version: 16.13.1
  resolution: "react-is@npm:16.13.1"
  checksum: f7a19ac3496de32ca9ae12aa030f00f14a3d45374f1ceca0af707c831b2a6098ef0d6bdae51bd437b0a306d7f01d4677fcc8de7c0d331eb47ad0f46130e53c5f
  languageName: node
  linkType: hard

"react-router-dom@npm:^5.3.4":
  version: 5.3.4
  resolution: "react-router-dom@npm:5.3.4"
  dependencies:
    "@babel/runtime": ^7.12.13
    history: ^4.9.0
    loose-envify: ^1.3.1
    prop-types: ^15.6.2
    react-router: 5.3.4
    tiny-invariant: ^1.0.2
    tiny-warning: ^1.0.0
  peerDependencies:
    react: ">=15"
  checksum: b86a6f2f5222f041e38adf4e4b32c7643d6735a1a915ef25855b2db285fd059d72ba8d62e5bcd5d822b8ef9520a80453209e55077f5a90d0f72e908979b8f535
  languageName: node
  linkType: hard

"react-router@npm:5.3.4, react-router@npm:^5.3.4":
  version: 5.3.4
  resolution: "react-router@npm:5.3.4"
  dependencies:
    "@babel/runtime": ^7.12.13
    history: ^4.9.0
    hoist-non-react-statics: ^3.1.0
    loose-envify: ^1.3.1
    path-to-regexp: ^1.7.0
    prop-types: ^15.6.2
    react-is: ^16.6.0
    tiny-invariant: ^1.0.2
    tiny-warning: ^1.0.0
  peerDependencies:
    react: ">=15"
  checksum: 892d4e274a23bf4f39abc2efca54472fb646d3aed4b584020cf49654d2f50d09a2bacebe7c92b4ec7cb8925077376dfcd0664bad6442a73604397cefec9f01f9
  languageName: node
  linkType: hard

"react@npm:^18.2.0":
  version: 18.2.0
  resolution: "react@npm:18.2.0"
  dependencies:
    loose-envify: ^1.1.0
  checksum: 88e38092da8839b830cda6feef2e8505dec8ace60579e46aa5490fc3dc9bba0bd50336507dc166f43e3afc1c42939c09fe33b25fae889d6f402721dcd78fca1b
  languageName: node
  linkType: hard

"regenerator-runtime@npm:^0.13.11":
  version: 0.13.11
  resolution: "regenerator-runtime@npm:0.13.11"
  checksum: 27481628d22a1c4e3ff551096a683b424242a216fee44685467307f14d58020af1e19660bf2e26064de946bad7eff28950eae9f8209d55723e2d9351e632bbb4
  languageName: node
  linkType: hard

"require-directory@npm:^2.1.1":
  version: 2.1.1
  resolution: "require-directory@npm:2.1.1"
  checksum: fb47e70bf0001fdeabdc0429d431863e9475e7e43ea5f94ad86503d918423c1543361cc5166d713eaa7029dd7a3d34775af04764bebff99ef413111a5af18c80
  languageName: node
  linkType: hard

"resolve-pathname@npm:^3.0.0":
  version: 3.0.0
  resolution: "resolve-pathname@npm:3.0.0"
  checksum: 6147241ba42c423dbe83cb067a2b4af4f60908c3af57e1ea567729cc71416c089737fe2a73e9e79e7a60f00f66c91e4b45ad0d37cd4be2d43fec44963ef14368
  languageName: node
  linkType: hard

"root-workspace-0b6124@workspace:.":
  version: 0.0.0-use.local
  resolution: "root-workspace-0b6124@workspace:."
  dependencies:
    concurrently: ^7.6.0
    strapi-plugin-navigation: latest
  languageName: unknown
  linkType: soft

"rxjs@npm:^7.0.0":
  version: 7.8.0
  resolution: "rxjs@npm:7.8.0"
  dependencies:
    tslib: ^2.1.0
  checksum: 61b4d4fd323c1043d8d6ceb91f24183b28bcf5def4f01ca111511d5c6b66755bc5578587fe714ef5d67cf4c9f2e26f4490d4e1d8cabf9bd5967687835e9866a2
  languageName: node
  linkType: hard

"scheduler@npm:^0.23.0":
  version: 0.23.0
  resolution: "scheduler@npm:0.23.0"
  dependencies:
    loose-envify: ^1.1.0
  checksum: d79192eeaa12abef860c195ea45d37cbf2bbf5f66e3c4dcd16f54a7da53b17788a70d109ee3d3dde1a0fd50e6a8fc171f4300356c5aee4fc0171de526bf35f8a
  languageName: node
  linkType: hard

"setprototypeof@npm:1.2.0":
  version: 1.2.0
  resolution: "setprototypeof@npm:1.2.0"
  checksum: be18cbbf70e7d8097c97f713a2e76edf84e87299b40d085c6bf8b65314e994cc15e2e317727342fa6996e38e1f52c59720b53fe621e2eb593a6847bf0356db89
  languageName: node
  linkType: hard

"shell-quote@npm:^1.7.3":
  version: 1.8.0
  resolution: "shell-quote@npm:1.8.0"
  checksum: 6ef7c5e308b9c77eedded882653a132214fa98b4a1512bb507588cf6cd2fc78bfee73e945d0c3211af028a1eabe09c6a19b96edd8977dc149810797e93809749
  languageName: node
  linkType: hard

"spawn-command@npm:^0.0.2-1":
  version: 0.0.2-1
  resolution: "spawn-command@npm:0.0.2-1"
  checksum: 2cac8519332193d1ed37d57298c4a1f73095e9edd20440fbab4aa47f531da83831734f2b51c44bb42b2747bf3485dec3fa2b0a1003f74c67561f2636622e328b
  languageName: node
  linkType: hard

"statuses@npm:>= 1.5.0 < 2":
  version: 1.5.0
  resolution: "statuses@npm:1.5.0"
  checksum: c469b9519de16a4bb19600205cffb39ee471a5f17b82589757ca7bd40a8d92ebb6ed9f98b5a540c5d302ccbc78f15dc03cc0280dd6e00df1335568a5d5758a5c
  languageName: node
  linkType: hard

"strapi-plugin-navigation@npm:latest":
  version: 2.2.11
  resolution: "strapi-plugin-navigation@npm:2.2.11"
  dependencies:
    "@sindresorhus/slugify": 1.1.0
    "@strapi/utils": ^4.11.0
    lodash: ^4.17.11
    pluralize: ^8.0.0
    react: ^18.2.0
    react-dom: ^18.2.0
    react-intl: 6.4.1
    react-router: ^5.3.4
    react-router-dom: ^5.3.4
    uuid: ^8.3.0
  peerDependencies:
    "@strapi/strapi": 4.x
  checksum: 64e0d411b325c9e0f387f23a5429c0ea77178f03cfc0a5d35df9606fe739b667eb12b57509d7c3a328b0af0b6124b733f97d24c9f85c4784a96d215b7f046440
  languageName: node
  linkType: hard

"string-width@npm:^4.1.0, string-width@npm:^4.2.0, string-width@npm:^4.2.3":
  version: 4.2.3
  resolution: "string-width@npm:4.2.3"
  dependencies:
    emoji-regex: ^8.0.0
    is-fullwidth-code-point: ^3.0.0
    strip-ansi: ^6.0.1
  checksum: e52c10dc3fbfcd6c3a15f159f54a90024241d0f149cf8aed2982a2d801d2e64df0bf1dc351cf8e95c3319323f9f220c16e740b06faecd53e2462df1d2b5443fb
  languageName: node
  linkType: hard

"strip-ansi@npm:^6.0.0, strip-ansi@npm:^6.0.1":
  version: 6.0.1
  resolution: "strip-ansi@npm:6.0.1"
  dependencies:
    ansi-regex: ^5.0.1
  checksum: f3cd25890aef3ba6e1a74e20896c21a46f482e93df4a06567cebf2b57edabb15133f1f94e57434e0a958d61186087b1008e89c94875d019910a213181a14fc8c
  languageName: node
  linkType: hard

"supports-color@npm:^7.1.0":
  version: 7.2.0
  resolution: "supports-color@npm:7.2.0"
  dependencies:
    has-flag: ^4.0.0
  checksum: 3dda818de06ebbe5b9653e07842d9479f3555ebc77e9a0280caf5a14fb877ffee9ed57007c3b78f5a6324b8dbeec648d9e97a24e2ed9fdb81ddc69ea07100f4a
  languageName: node
  linkType: hard

"supports-color@npm:^8.1.0":
  version: 8.1.1
  resolution: "supports-color@npm:8.1.1"
  dependencies:
    has-flag: ^4.0.0
  checksum: c052193a7e43c6cdc741eb7f378df605636e01ad434badf7324f17fb60c69a880d8d8fcdcb562cf94c2350e57b937d7425ab5b8326c67c2adc48f7c87c1db406
  languageName: node
  linkType: hard

"tiny-invariant@npm:^1.0.2":
  version: 1.3.1
  resolution: "tiny-invariant@npm:1.3.1"
  checksum: 872dbd1ff20a21303a2fd20ce3a15602cfa7fcf9b228bd694a52e2938224313b5385a1078cb667ed7375d1612194feaca81c4ecbe93121ca1baebe344de4f84c
  languageName: node
  linkType: hard

"tiny-warning@npm:^1.0.0":
  version: 1.0.3
  resolution: "tiny-warning@npm:1.0.3"
  checksum: da62c4acac565902f0624b123eed6dd3509bc9a8d30c06e017104bedcf5d35810da8ff72864400ad19c5c7806fc0a8323c68baf3e326af7cb7d969f846100d71
  languageName: node
  linkType: hard

"toidentifier@npm:1.0.1":
  version: 1.0.1
  resolution: "toidentifier@npm:1.0.1"
  checksum: 952c29e2a85d7123239b5cfdd889a0dde47ab0497f0913d70588f19c53f7e0b5327c95f4651e413c74b785147f9637b17410ac8c846d5d4a20a5a33eb6dc3a45
  languageName: node
  linkType: hard

"toposort@npm:^2.0.2":
  version: 2.0.2
  resolution: "toposort@npm:2.0.2"
  checksum: d64c74b570391c9432873f48e231b439ee56bc49f7cb9780b505cfdf5cb832f808d0bae072515d93834dd6bceca5bb34448b5b4b408335e4d4716eaf68195dcb
  languageName: node
  linkType: hard

"tree-kill@npm:^1.2.2":
  version: 1.2.2
  resolution: "tree-kill@npm:1.2.2"
  bin:
    tree-kill: cli.js
  checksum: 49117f5f410d19c84b0464d29afb9642c863bc5ba40fcb9a245d474c6d5cc64d1b177a6e6713129eb346b40aebb9d4631d967517f9fbe8251c35b21b13cd96c7
  languageName: node
  linkType: hard

"tslib@npm:^2.1.0":
  version: 2.5.0
  resolution: "tslib@npm:2.5.0"
  checksum: ae3ed5f9ce29932d049908ebfdf21b3a003a85653a9a140d614da6b767a93ef94f460e52c3d787f0e4f383546981713f165037dc2274df212ea9f8a4541004e1
  languageName: node
  linkType: hard

"tslib@npm:^2.4.0":
  version: 2.5.3
  resolution: "tslib@npm:2.5.3"
  checksum: 88902b309afaf83259131c1e13da1dceb0ad1682a213143a1346a649143924d78cf3760c448b84d796938fd76127183894f8d85cbb3bf9c4fddbfcc140c0003c
  languageName: node
  linkType: hard

"uuid@npm:^8.3.0":
  version: 8.3.2
  resolution: "uuid@npm:8.3.2"
  bin:
    uuid: dist/bin/uuid
  checksum: 5575a8a75c13120e2f10e6ddc801b2c7ed7d8f3c8ac22c7ed0c7b2ba6383ec0abda88c905085d630e251719e0777045ae3236f04c812184b7c765f63a70e58df
  languageName: node
  linkType: hard

"value-equal@npm:^1.0.1":
  version: 1.0.1
  resolution: "value-equal@npm:1.0.1"
  checksum: bb7ae1facc76b5cf8071aeb6c13d284d023fdb370478d10a5d64508e0e6e53bb459c4bbe34258df29d82e6f561f874f0105eba38de0e61fe9edd0bdce07a77a2
  languageName: node
  linkType: hard

"wrap-ansi@npm:^7.0.0":
  version: 7.0.0
  resolution: "wrap-ansi@npm:7.0.0"
  dependencies:
    ansi-styles: ^4.0.0
    string-width: ^4.1.0
    strip-ansi: ^6.0.0
  checksum: a790b846fd4505de962ba728a21aaeda189b8ee1c7568ca5e817d85930e06ef8d1689d49dbf0e881e8ef84436af3a88bc49115c2e2788d841ff1b8b5b51a608b
  languageName: node
  linkType: hard

"y18n@npm:^5.0.5":
  version: 5.0.8
  resolution: "y18n@npm:5.0.8"
  checksum: 54f0fb95621ee60898a38c572c515659e51cc9d9f787fb109cef6fde4befbe1c4602dc999d30110feee37456ad0f1660fa2edcfde6a9a740f86a290999550d30
  languageName: node
  linkType: hard

"yargs-parser@npm:^21.1.1":
  version: 21.1.1
  resolution: "yargs-parser@npm:21.1.1"
  checksum: ed2d96a616a9e3e1cc7d204c62ecc61f7aaab633dcbfab2c6df50f7f87b393993fe6640d017759fe112d0cb1e0119f2b4150a87305cc873fd90831c6a58ccf1c
  languageName: node
  linkType: hard

"yargs@npm:^17.3.1":
  version: 17.7.1
  resolution: "yargs@npm:17.7.1"
  dependencies:
    cliui: ^8.0.1
    escalade: ^3.1.1
    get-caller-file: ^2.0.5
    require-directory: ^2.1.1
    string-width: ^4.2.3
    y18n: ^5.0.5
    yargs-parser: ^21.1.1
  checksum: 3d8a43c336a4942bc68080768664aca85c7bd406f018bad362fd255c41c8f4e650277f42fd65d543fce99e084124ddafee7bbfc1a5c6a8fda4cec78609dcf8d4
  languageName: node
  linkType: hard

"yup@npm:0.32.9":
  version: 0.32.9
  resolution: "yup@npm:0.32.9"
  dependencies:
    "@babel/runtime": ^7.10.5
    "@types/lodash": ^4.14.165
    lodash: ^4.17.20
    lodash-es: ^4.17.15
    nanoclone: ^0.2.1
    property-expr: ^2.0.4
    toposort: ^2.0.2
  checksum: 3f33850913a237fb7e59b0b5c71d2cc6bdb1d6b2b01fc24c53ec68b35ad2b95cd49f735532117136495cb57f0ec58f0a7e1f1c55fad685555c7114155170f1ea
  languageName: node
  linkType: hard
